
Microsoft Visual Studio Solution File, Format Version 12.00
# Visual Studio Version 17
VisualStudioVersion = 17.5.33424.131
MinimumVisualStudioVersion = 10.0.40219.1
Project("{FAE04EC0-301F-11D3-BF4B-00C04F79EFBC}") = "SamarTime.Android", "SamarTime.Android\SamarTime.Android.csproj", "{9D71B79F-41AA-47B0-AF91-08F745BE2088}"
EndProject
Project("{FAE04EC0-301F-11D3-BF4B-00C04F79EFBC}") = "SamarTime", "SamarTime\SamarTime.csproj", "{C4F7909C-D045-482D-BA64-E26DF188DCD9}"
EndProject
Global
	GlobalSection(SolutionConfigurationPlatforms) = preSolution
		Debug|Any CPU = Debug|Any CPU
		Release|Any CPU = Release|Any CPU
	EndGlobalSection
	GlobalSection(ProjectConfigurationPlatforms) = postSolution
		{9D71B79F-41AA-47B0-AF91-08F745BE2088}.Debug|Any CPU.ActiveCfg = Debug|Any CPU
		{9D71B79F-41AA-47B0-AF91-08F745BE2088}.Debug|Any CPU.Build.0 = Debug|Any CPU
		{9D71B79F-41AA-47B0-AF91-08F745BE2088}.Debug|Any CPU.Deploy.0 = Debug|Any CPU
		{9D71B79F-41AA-47B0-AF91-08F745BE2088}.Release|Any CPU.ActiveCfg = Release|Any CPU
		{9D71B79F-41AA-47B0-AF91-08F745BE2088}.Release|Any CPU.Build.0 = Release|Any CPU
		{9D71B79F-41AA-47B0-AF91-08F745BE2088}.Release|Any CPU.Deploy.0 = Release|Any CPU
		{C4F7909C-D045-482D-BA64-E26DF188DCD9}.Debug|Any CPU.ActiveCfg = Debug|Any CPU
		{C4F7909C-D045-482D-BA64-E26DF188DCD9}.Debug|Any CPU.Build.0 = Debug|Any CPU
		{C4F7909C-D045-482D-BA64-E26DF188DCD9}.Debug|Any CPU.Deploy.0 = Debug|Any CPU
		{C4F7909C-D045-482D-BA64-E26DF188DCD9}.Release|Any CPU.ActiveCfg = Release|Any CPU
		{C4F7909C-D045-482D-BA64-E26DF188DCD9}.Release|Any CPU.Build.0 = Release|Any CPU
		{C4F7909C-D045-482D-BA64-E26DF188DCD9}.Release|Any CPU.Deploy.0 = Release|Any CPU
	EndGlobalSection
	GlobalSection(SolutionProperties) = preSolution
		HideSolutionNode = FALSE
	EndGlobalSection
	GlobalSection(ExtensibilityGlobals) = postSolution
		SolutionGuid = {823C924B-C294-48ED-ACEB-F4B2213A62C7}
	EndGlobalSection
EndGlobal
